// !$*UTF8*$!
{
	archiveVersion = 1;
	classes = {
	};
	objectVersion = 55;
	objects = {

/* Begin PBXBuildFile section */
		3441F0A72704F85C00FF4B42 /* AppDelegate.swift in Sources */ = {isa = PBXBuildFile; fileRef = 3441F0A62704F85C00FF4B42 /* AppDelegate.swift */; };
		3441F0A92704F85C00FF4B42 /* SceneDelegate.swift in Sources */ = {isa = PBXBuildFile; fileRef = 3441F0A82704F85C00FF4B42 /* SceneDelegate.swift */; };
		3441F0AB2704F85C00FF4B42 /* ViewController.swift in Sources */ = {isa = PBXBuildFile; fileRef = 3441F0AA2704F85C00FF4B42 /* ViewController.swift */; };
		3441F0AE2704F85C00FF4B42 /* Main.storyboard in Resources */ = {isa = PBXBuildFile; fileRef = 3441F0AC2704F85C00FF4B42 /* Main.storyboard */; };
		3441F0B02704F85F00FF4B42 /* Assets.xcassets in Resources */ = {isa = PBXBuildFile; fileRef = 3441F0AF2704F85F00FF4B42 /* Assets.xcassets */; };
		3441F0B32704F85F00FF4B42 /* LaunchScreen.storyboard in Resources */ = {isa = PBXBuildFile; fileRef = 3441F0B12704F85F00FF4B42 /* LaunchScreen.storyboard */; };
		3451E63927078995008D0CEA /* DataManager.swift in Sources */ = {isa = PBXBuildFile; fileRef = 3451E63827078995008D0CEA /* DataManager.swift */; };
		3451E63E27078DB5008D0CEA /* Film.swift in Sources */ = {isa = PBXBuildFile; fileRef = 3451E63D27078DB5008D0CEA /* Film.swift */; };
		34AA18A5270B717300D6B0D2 /* ITC Avant Garde Gothic Medium.otf in Resources */ = {isa = PBXBuildFile; fileRef = 34AA18A4270B717300D6B0D2 /* ITC Avant Garde Gothic Medium.otf */; };
		B70A8652271597EB00FF56A1 /* films.json in Resources */ = {isa = PBXBuildFile; fileRef = B70A8651271597EB00FF56A1 /* films.json */; };
		B70A86552715989500FF56A1 /* FilmCellCollectionViewCell.swift in Sources */ = {isa = PBXBuildFile; fileRef = B70A86532715989500FF56A1 /* FilmCellCollectionViewCell.swift */; };
		B70A86562715989500FF56A1 /* FilmCellCollectionViewCell.xib in Resources */ = {isa = PBXBuildFile; fileRef = B70A86542715989500FF56A1 /* FilmCellCollectionViewCell.xib */; };
		B70A86592717152900FF56A1 /* Nuke in Frameworks */ = {isa = PBXBuildFile; productRef = B70A86582717152900FF56A1 /* Nuke */; };
		B70A865B2718450000FF56A1 /* FilmDetailViewController.swift in Sources */ = {isa = PBXBuildFile; fileRef = B70A865A2718450000FF56A1 /* FilmDetailViewController.swift */; };
		B70A865D27185FAB00FF56A1 /* FilmDetailViewController.xib in Resources */ = {isa = PBXBuildFile; fileRef = B70A865C27185FAB00FF56A1 /* FilmDetailViewController.xib */; };
/* End PBXBuildFile section */

/* Begin PBXFileReference section */
		3441F0A32704F85C00FF4B42 /* Lubli Ghibli.app */ = {isa = PBXFileReference; explicitFileType = wrapper.application; includeInIndex = 0; path = "Lubli Ghibli.app"; sourceTree = BUILT_PRODUCTS_DIR; };
		3441F0A62704F85C00FF4B42 /* AppDelegate.swift */ = {isa = PBXFileReference; lastKnownFileType = sourcecode.swift; path = AppDelegate.swift; sourceTree = "<group>"; };
		3441F0A82704F85C00FF4B42 /* SceneDelegate.swift */ = {isa = PBXFileReference; lastKnownFileType = sourcecode.swift; path = SceneDelegate.swift; sourceTree = "<group>"; };
		3441F0AA2704F85C00FF4B42 /* ViewController.swift */ = {isa = PBXFileReference; lastKnownFileType = sourcecode.swift; path = ViewController.swift; sourceTree = "<group>"; };
		3441F0AD2704F85C00FF4B42 /* Base */ = {isa = PBXFileReference; lastKnownFileType = file.storyboard; name = Base; path = Base.lproj/Main.storyboard; sourceTree = "<group>"; };
		3441F0AF2704F85F00FF4B42 /* Assets.xcassets */ = {isa = PBXFileReference; lastKnownFileType = folder.assetcatalog; path = Assets.xcassets; sourceTree = "<group>"; };
		3441F0B22704F85F00FF4B42 /* Base */ = {isa = PBXFileReference; lastKnownFileType = file.storyboard; name = Base; path = Base.lproj/LaunchScreen.storyboard; sourceTree = "<group>"; };
		3441F0B42704F85F00FF4B42 /* Info.plist */ = {isa = PBXFileReference; lastKnownFileType = text.plist.xml; path = Info.plist; sourceTree = "<group>"; };
		3441F0BA2704F8DB00FF4B42 /* README.md */ = {isa = PBXFileReference; lastKnownFileType = net.daringfireball.markdown; path = README.md; sourceTree = "<group>"; };
		3451E63827078995008D0CEA /* DataManager.swift */ = {isa = PBXFileReference; lastKnownFileType = sourcecode.swift; path = DataManager.swift; sourceTree = "<group>"; };
		3451E63D27078DB5008D0CEA /* Film.swift */ = {isa = PBXFileReference; lastKnownFileType = sourcecode.swift; path = Film.swift; sourceTree = "<group>"; };
		34AA18A4270B717300D6B0D2 /* ITC Avant Garde Gothic Medium.otf */ = {isa = PBXFileReference; lastKnownFileType = file; path = "ITC Avant Garde Gothic Medium.otf"; sourceTree = "<group>"; };
		B70A8651271597EB00FF56A1 /* films.json */ = {isa = PBXFileReference; fileEncoding = 4; lastKnownFileType = text.json; path = films.json; sourceTree = "<group>"; };
		B70A86532715989500FF56A1 /* FilmCellCollectionViewCell.swift */ = {isa = PBXFileReference; lastKnownFileType = sourcecode.swift; path = FilmCellCollectionViewCell.swift; sourceTree = "<group>"; };
		B70A86542715989500FF56A1 /* FilmCellCollectionViewCell.xib */ = {isa = PBXFileReference; lastKnownFileType = file.xib; path = FilmCellCollectionViewCell.xib; sourceTree = "<group>"; };
		B70A865A2718450000FF56A1 /* FilmDetailViewController.swift */ = {isa = PBXFileReference; lastKnownFileType = sourcecode.swift; path = FilmDetailViewController.swift; sourceTree = "<group>"; };
		B70A865C27185FAB00FF56A1 /* FilmDetailViewController.xib */ = {isa = PBXFileReference; lastKnownFileType = file.xib; path = FilmDetailViewController.xib; sourceTree = "<group>"; };
/* End PBXFileReference section */

/* Begin PBXFrameworksBuildPhase section */
		3441F0A02704F85C00FF4B42 /* Frameworks */ = {
			isa = PBXFrameworksBuildPhase;
			buildActionMask = 2147483647;
			files = (
				B70A86592717152900FF56A1 /* Nuke in Frameworks */,
			);
			runOnlyForDeploymentPostprocessing = 0;
		};
/* End PBXFrameworksBuildPhase section */

/* Begin PBXGroup section */
		3441F09A2704F85C00FF4B42 = {
			isa = PBXGroup;
			children = (
				3441F0BA2704F8DB00FF4B42 /* README.md */,
				3441F0A52704F85C00FF4B42 /* Lubli Ghibli */,
				3441F0A42704F85C00FF4B42 /* Products */,
			);
			sourceTree = "<group>";
		};
		3441F0A42704F85C00FF4B42 /* Products */ = {
			isa = PBXGroup;
			children = (
				3441F0A32704F85C00FF4B42 /* Lubli Ghibli.app */,
			);
			name = Products;
			sourceTree = "<group>";
		};
		3441F0A52704F85C00FF4B42 /* Lubli Ghibli */ = {
			isa = PBXGroup;
			children = (
				3441F0A62704F85C00FF4B42 /* AppDelegate.swift */,
				3441F0A82704F85C00FF4B42 /* SceneDelegate.swift */,
				3451E63B270789A3008D0CEA /* Model */,
				3451E63727078961008D0CEA /* Controller */,
				3451E63C270789B6008D0CEA /* View */,
				3441F0AF2704F85F00FF4B42 /* Assets.xcassets */,
				B70A8651271597EB00FF56A1 /* films.json */,
				3441F0B12704F85F00FF4B42 /* LaunchScreen.storyboard */,
				3441F0B42704F85F00FF4B42 /* Info.plist */,
				34AA18A4270B717300D6B0D2 /* ITC Avant Garde Gothic Medium.otf */,
			);
			path = "Lubli Ghibli";
			sourceTree = "<group>";
		};
		3451E63727078961008D0CEA /* Controller */ = {
			isa = PBXGroup;
			children = (
				3441F0AA2704F85C00FF4B42 /* ViewController.swift */,
				B70A865A2718450000FF56A1 /* FilmDetailViewController.swift */,
			);
			path = Controller;
			sourceTree = "<group>";
		};
		3451E63B270789A3008D0CEA /* Model */ = {
			isa = PBXGroup;
			children = (
				3451E63827078995008D0CEA /* DataManager.swift */,
				3451E63D27078DB5008D0CEA /* Film.swift */,
			);
			path = Model;
			sourceTree = "<group>";
		};
		3451E63C270789B6008D0CEA /* View */ = {
			isa = PBXGroup;
			children = (
				3441F0AC2704F85C00FF4B42 /* Main.storyboard */,
				B70A86532715989500FF56A1 /* FilmCellCollectionViewCell.swift */,
				B70A86542715989500FF56A1 /* FilmCellCollectionViewCell.xib */,
				B70A865C27185FAB00FF56A1 /* FilmDetailViewController.xib */,
			);
			path = View;
			sourceTree = "<group>";
		};
/* End PBXGroup section */

/* Begin PBXNativeTarget section */
		3441F0A22704F85C00FF4B42 /* Lubli Ghibli */ = {
			isa = PBXNativeTarget;
			buildConfigurationList = 3441F0B72704F85F00FF4B42 /* Build configuration list for PBXNativeTarget "Lubli Ghibli" */;
			buildPhases = (
				3441F09F2704F85C00FF4B42 /* Sources */,
				3441F0A02704F85C00FF4B42 /* Frameworks */,
				3441F0A12704F85C00FF4B42 /* Resources */,
			);
			buildRules = (
			);
			dependencies = (
			);
			name = "Lubli Ghibli";
			packageProductDependencies = (
				B70A86582717152900FF56A1 /* Nuke */,
			);
			productName = "Lubli Ghibli";
			productReference = 3441F0A32704F85C00FF4B42 /* Lubli Ghibli.app */;
			productType = "com.apple.product-type.application";
		};
/* End PBXNativeTarget section */

/* Begin PBXProject section */
		3441F09B2704F85C00FF4B42 /* Project object */ = {
			isa = PBXProject;
			attributes = {
				BuildIndependentTargetsInParallel = 1;
				LastSwiftUpdateCheck = 1300;
				LastUpgradeCheck = 1300;
				TargetAttributes = {
					3441F0A22704F85C00FF4B42 = {
						CreatedOnToolsVersion = 13.0;
					};
				};
			};
			buildConfigurationList = 3441F09E2704F85C00FF4B42 /* Build configuration list for PBXProject "Lubli Ghibli" */;
			compatibilityVersion = "Xcode 13.0";
			developmentRegion = en;
			hasScannedForEncodings = 0;
			knownRegions = (
				en,
				Base,
			);
			mainGroup = 3441F09A2704F85C00FF4B42;
			packageReferences = (
				B70A86572717152900FF56A1 /* XCRemoteSwiftPackageReference "Nuke" */,
			);
			productRefGroup = 3441F0A42704F85C00FF4B42 /* Products */;
			projectDirPath = "";
			projectRoot = "";
			targets = (
				3441F0A22704F85C00FF4B42 /* Lubli Ghibli */,
			);
		};
/* End PBXProject section */

/* Begin PBXResourcesBuildPhase section */
		3441F0A12704F85C00FF4B42 /* Resources */ = {
			isa = PBXResourcesBuildPhase;
			buildActionMask = 2147483647;
			files = (
				34AA18A5270B717300D6B0D2 /* ITC Avant Garde Gothic Medium.otf in Resources */,
				B70A865D27185FAB00FF56A1 /* FilmDetailViewController.xib in Resources */,
				3441F0B32704F85F00FF4B42 /* LaunchScreen.storyboard in Resources */,
				B70A86562715989500FF56A1 /* FilmCellCollectionViewCell.xib in Resources */,
				B70A8652271597EB00FF56A1 /* films.json in Resources */,
				3441F0B02704F85F00FF4B42 /* Assets.xcassets in Resources */,
				3441F0AE2704F85C00FF4B42 /* Main.storyboard in Resources */,
			);
			runOnlyForDeploymentPostprocessing = 0;
		};
/* End PBXResourcesBuildPhase section */

/* Begin PBXSourcesBuildPhase section */
		3441F09F2704F85C00FF4B42 /* Sources */ = {
			isa = PBXSourcesBuildPhase;
			buildActionMask = 2147483647;
			files = (
				3451E63E27078DB5008D0CEA /* Film.swift in Sources */,
				3441F0AB2704F85C00FF4B42 /* ViewController.swift in Sources */,
				B70A86552715989500FF56A1 /* FilmCellCollectionViewCell.swift in Sources */,
				B70A865B2718450000FF56A1 /* FilmDetailViewController.swift in Sources */,
				3451E63927078995008D0CEA /* DataManager.swift in Sources */,
				3441F0A72704F85C00FF4B42 /* AppDelegate.swift in Sources */,
				3441F0A92704F85C00FF4B42 /* SceneDelegate.swift in Sources */,
			);
			runOnlyForDeploymentPostprocessing = 0;
		};
/* End PBXSourcesBuildPhase section */

/* Begin PBXVariantGroup section */
		3441F0AC2704F85C00FF4B42 /* Main.storyboard */ = {
			isa = PBXVariantGroup;
			children = (
				3441F0AD2704F85C00FF4B42 /* Base */,
			);
			name = Main.storyboard;
			sourceTree = "<group>";
		};
		3441F0B12704F85F00FF4B42 /* LaunchScreen.storyboard */ = {
			isa = PBXVariantGroup;
			children = (
				3441F0B22704F85F00FF4B42 /* Base */,
			);
			name = LaunchScreen.storyboard;
			sourceTree = "<group>";
		};
/* End PBXVariantGroup section */

/* Begin XCBuildConfiguration section */
		3441F0B52704F85F00FF4B42 /* Debug */ = {
			isa = XCBuildConfiguration;
			buildSettings = {
				ALWAYS_SEARCH_USER_PATHS = NO;
				CLANG_ANALYZER_NONNULL = YES;
				CLANG_ANALYZER_NUMBER_OBJECT_CONVERSION = YES_AGGRESSIVE;
				CLANG_CXX_LANGUAGE_STANDARD = "gnu++17";
				CLANG_CXX_LIBRARY = "libc++";
				CLANG_ENABLE_MODULES = YES;
				CLANG_ENABLE_OBJC_ARC = YES;
				CLANG_ENABLE_OBJC_WEAK = YES;
				CLANG_WARN_BLOCK_CAPTURE_AUTORELEASING = YES;
				CLANG_WARN_BOOL_CONVERSION = YES;
				CLANG_WARN_COMMA = YES;
				CLANG_WARN_CONSTANT_CONVERSION = YES;
				CLANG_WARN_DEPRECATED_OBJC_IMPLEMENTATIONS = YES;
				CLANG_WARN_DIRECT_OBJC_ISA_USAGE = YES_ERROR;
				CLANG_WARN_DOCUMENTATION_COMMENTS = YES;
				CLANG_WARN_EMPTY_BODY = YES;
				CLANG_WARN_ENUM_CONVERSION = YES;
				CLANG_WARN_INFINITE_RECURSION = YES;
				CLANG_WARN_INT_CONVERSION = YES;
				CLANG_WARN_NON_LITERAL_NULL_CONVERSION = YES;
				CLANG_WARN_OBJC_IMPLICIT_RETAIN_SELF = YES;
				CLANG_WARN_OBJC_LITERAL_CONVERSION = YES;
				CLANG_WARN_OBJC_ROOT_CLASS = YES_ERROR;
				CLANG_WARN_QUOTED_INCLUDE_IN_FRAMEWORK_HEADER = YES;
				CLANG_WARN_RANGE_LOOP_ANALYSIS = YES;
				CLANG_WARN_STRICT_PROTOTYPES = YES;
				CLANG_WARN_SUSPICIOUS_MOVE = YES;
				CLANG_WARN_UNGUARDED_AVAILABILITY = YES_AGGRESSIVE;
				CLANG_WARN_UNREACHABLE_CODE = YES;
				CLANG_WARN__DUPLICATE_METHOD_MATCH = YES;
				COPY_PHASE_STRIP = NO;
				DEBUG_INFORMATION_FORMAT = dwarf;
				ENABLE_STRICT_OBJC_MSGSEND = YES;
				ENABLE_TESTABILITY = YES;
				GCC_C_LANGUAGE_STANDARD = gnu11;
				GCC_DYNAMIC_NO_PIC = NO;
				GCC_NO_COMMON_BLOCKS = YES;
				GCC_OPTIMIZATION_LEVEL = 0;
				GCC_PREPROCESSOR_DEFINITIONS = (
					"DEBUG=1",
					"$(inherited)",
				);
				GCC_WARN_64_TO_32_BIT_CONVERSION = YES;
				GCC_WARN_ABOUT_RETURN_TYPE = YES_ERROR;
				GCC_WARN_UNDECLARED_SELECTOR = YES;
				GCC_WARN_UNINITIALIZED_AUTOS = YES_AGGRESSIVE;
				GCC_WARN_UNUSED_FUNCTION = YES;
				GCC_WARN_UNUSED_VARIABLE = YES;
				IPHONEOS_DEPLOYMENT_TARGET = 15.0;
				MTL_ENABLE_DEBUG_INFO = INCLUDE_SOURCE;
				MTL_FAST_MATH = YES;
				ONLY_ACTIVE_ARCH = YES;
				SDKROOT = iphoneos;
				SWIFT_ACTIVE_COMPILATION_CONDITIONS = DEBUG;
				SWIFT_OPTIMIZATION_LEVEL = "-Onone";
			};
			name = Debug;
		};
		3441F0B62704F85F00FF4B42 /* Release */ = {
			isa = XCBuildConfiguration;
			buildSettings = {
				ALWAYS_SEARCH_USER_PATHS = NO;
				CLANG_ANALYZER_NONNULL = YES;
				CLANG_ANALYZER_NUMBER_OBJECT_CONVERSION = YES_AGGRESSIVE;
				CLANG_CXX_LANGUAGE_STANDARD = "gnu++17";
				CLANG_CXX_LIBRARY = "libc++";
				CLANG_ENABLE_MODULES = YES;
				CLANG_ENABLE_OBJC_ARC = YES;
				CLANG_ENABLE_OBJC_WEAK = YES;
				CLANG_WARN_BLOCK_CAPTURE_AUTORELEASING = YES;
				CLANG_WARN_BOOL_CONVERSION = YES;
				CLANG_WARN_COMMA = YES;
				CLANG_WARN_CONSTANT_CONVERSION = YES;
				CLANG_WARN_DEPRECATED_OBJC_IMPLEMENTATIONS = YES;
				CLANG_WARN_DIRECT_OBJC_ISA_USAGE = YES_ERROR;
				CLANG_WARN_DOCUMENTATION_COMMENTS = YES;
				CLANG_WARN_EMPTY_BODY = YES;
				CLANG_WARN_ENUM_CONVERSION = YES;
				CLANG_WARN_INFINITE_RECURSION = YES;
				CLANG_WARN_INT_CONVERSION = YES;
				CLANG_WARN_NON_LITERAL_NULL_CONVERSION = YES;
				CLANG_WARN_OBJC_IMPLICIT_RETAIN_SELF = YES;
				CLANG_WARN_OBJC_LITERAL_CONVERSION = YES;
				CLANG_WARN_OBJC_ROOT_CLASS = YES_ERROR;
				CLANG_WARN_QUOTED_INCLUDE_IN_FRAMEWORK_HEADER = YES;
				CLANG_WARN_RANGE_LOOP_ANALYSIS = YES;
				CLANG_WARN_STRICT_PROTOTYPES = YES;
				CLANG_WARN_SUSPICIOUS_MOVE = YES;
				CLANG_WARN_UNGUARDED_AVAILABILITY = YES_AGGRESSIVE;
				CLANG_WARN_UNREACHABLE_CODE = YES;
				CLANG_WARN__DUPLICATE_METHOD_MATCH = YES;
				COPY_PHASE_STRIP = NO;
				DEBUG_INFORMATION_FORMAT = "dwarf-with-dsym";
				ENABLE_NS_ASSERTIONS = NO;
				ENABLE_STRICT_OBJC_MSGSEND = YES;
				GCC_C_LANGUAGE_STANDARD = gnu11;
				GCC_NO_COMMON_BLOCKS = YES;
				GCC_WARN_64_TO_32_BIT_CONVERSION = YES;
				GCC_WARN_ABOUT_RETURN_TYPE = YES_ERROR;
				GCC_WARN_UNDECLARED_SELECTOR = YES;
				GCC_WARN_UNINITIALIZED_AUTOS = YES_AGGRESSIVE;
				GCC_WARN_UNUSED_FUNCTION = YES;
				GCC_WARN_UNUSED_VARIABLE = YES;
				IPHONEOS_DEPLOYMENT_TARGET = 15.0;
				MTL_ENABLE_DEBUG_INFO = NO;
				MTL_FAST_MATH = YES;
				SDKROOT = iphoneos;
				SWIFT_COMPILATION_MODE = wholemodule;
				SWIFT_OPTIMIZATION_LEVEL = "-O";
				VALIDATE_PRODUCT = YES;
			};
			name = Release;
		};
		3441F0B82704F85F00FF4B42 /* Debug */ = {
			isa = XCBuildConfiguration;
			buildSettings = {
				ASSETCATALOG_COMPILER_APPICON_NAME = AppIcon;
				ASSETCATALOG_COMPILER_GLOBAL_ACCENT_COLOR_NAME = AccentColor;
				CODE_SIGN_STYLE = Automatic;
				CURRENT_PROJECT_VERSION = 1;
				DEVELOPMENT_TEAM = 6478Y3WC5Q;
				GENERATE_INFOPLIST_FILE = YES;
				INFOPLIST_FILE = "Lubli Ghibli/Info.plist";
				INFOPLIST_KEY_UIApplicationSupportsIndirectInputEvents = YES;
				INFOPLIST_KEY_UILaunchStoryboardName = LaunchScreen;
				INFOPLIST_KEY_UIMainStoryboardFile = Main;
				INFOPLIST_KEY_UISupportedInterfaceOrientations = UIInterfaceOrientationPortrait;
				INFOPLIST_KEY_UISupportedInterfaceOrientations_iPad = "UIInterfaceOrientationPortrait UIInterfaceOrientationPortraitUpsideDown UIInterfaceOrientationLandscapeLeft UIInterfaceOrientationLandscapeRight";
				INFOPLIST_KEY_UISupportedInterfaceOrientations_iPhone = "UIInterfaceOrientationPortrait UIInterfaceOrientationLandscapeLeft UIInterfaceOrientationLandscapeRight";
				LD_RUNPATH_SEARCH_PATHS = (
					"$(inherited)",
					"@executable_path/Frameworks",
				);
				MARKETING_VERSION = 1.0;
				PRODUCT_BUNDLE_IDENTIFIER = "com.matthewlock.Lubli-Ghibli";
				PRODUCT_NAME = "$(TARGET_NAME)";
				SWIFT_EMIT_LOC_STRINGS = YES;
				SWIFT_VERSION = 5.0;
				TARGETED_DEVICE_FAMILY = 1;
			};
			name = Debug;
		};
		3441F0B92704F85F00FF4B42 /* Release */ = {
			isa = XCBuildConfiguration;
			buildSettings = {
				ASSETCATALOG_COMPILER_APPICON_NAME = AppIcon;
				ASSETCATALOG_COMPILER_GLOBAL_ACCENT_COLOR_NAME = AccentColor;
				CODE_SIGN_STYLE = Automatic;
				CURRENT_PROJECT_VERSION = 1;
				DEVELOPMENT_TEAM = 6478Y3WC5Q;
				GENERATE_INFOPLIST_FILE = YES;
				INFOPLIST_FILE = "Lubli Ghibli/Info.plist";
				INFOPLIST_KEY_UIApplicationSupportsIndirectInputEvents = YES;
				INFOPLIST_KEY_UILaunchStoryboardName = LaunchScreen;
				INFOPLIST_KEY_UIMainStoryboardFile = Main;
				INFOPLIST_KEY_UISupportedInterfaceOrientations = UIInterfaceOrientationPortrait;
				INFOPLIST_KEY_UISupportedInterfaceOrientations_iPad = "UIInterfaceOrientationPortrait UIInterfaceOrientationPortraitUpsideDown UIInterfaceOrientationLandscapeLeft UIInterfaceOrientationLandscapeRight";
				INFOPLIST_KEY_UISupportedInterfaceOrientations_iPhone = "UIInterfaceOrientationPortrait UIInterfaceOrientationLandscapeLeft UIInterfaceOrientationLandscapeRight";
				LD_RUNPATH_SEARCH_PATHS = (
					"$(inherited)",
					"@executable_path/Frameworks",
				);
				MARKETING_VERSION = 1.0;
				PRODUCT_BUNDLE_IDENTIFIER = "com.matthewlock.Lubli-Ghibli";
				PRODUCT_NAME = "$(TARGET_NAME)";
				SWIFT_EMIT_LOC_STRINGS = YES;
				SWIFT_VERSION = 5.0;
				TARGETED_DEVICE_FAMILY = 1;
			};
			name = Release;
		};
/* End XCBuildConfiguration section */

/* Begin XCConfigurationList section */
		3441F09E2704F85C00FF4B42 /* Build configuration list for PBXProject "Lubli Ghibli" */ = {
			isa = XCConfigurationList;
			buildConfigurations = (
				3441F0B52704F85F00FF4B42 /* Debug */,
				3441F0B62704F85F00FF4B42 /* Release */,
			);
			defaultConfigurationIsVisible = 0;
			defaultConfigurationName = Release;
		};
		3441F0B72704F85F00FF4B42 /* Build configuration list for PBXNativeTarget "Lubli Ghibli" */ = {
			isa = XCConfigurationList;
			buildConfigurations = (
				3441F0B82704F85F00FF4B42 /* Debug */,
				3441F0B92704F85F00FF4B42 /* Release */,
			);
			defaultConfigurationIsVisible = 0;
			defaultConfigurationName = Release;
		};
/* End XCConfigurationList section */

/* Begin XCRemoteSwiftPackageReference section */
		B70A86572717152900FF56A1 /* XCRemoteSwiftPackageReference "Nuke" */ = {
			isa = XCRemoteSwiftPackageReference;
			repositoryURL = "https://github.com/kean/Nuke.git";
			requirement = {
				kind = upToNextMajorVersion;
				minimumVersion = 9.0.0;
			};
		};
/* End XCRemoteSwiftPackageReference section */

/* Begin XCSwiftPackageProductDependency section */
		B70A86582717152900FF56A1 /* Nuke */ = {
			isa = XCSwiftPackageProductDependency;
			package = B70A86572717152900FF56A1 /* XCRemoteSwiftPackageReference "Nuke" */;
			productName = Nuke;
		};
/* End XCSwiftPackageProductDependency section */
	};
	rootObject = 3441F09B2704F85C00FF4B42 /* Project object */;
}
